{
    "name": "overpy",
    "version": "7.0.2",
    "lockfileVersion": 2,
    "requires": true,
    "packages": {
        "": {
            "name": "overpy",
            "version": "7.0.2",
            "dependencies": {
                "quickjs-emscripten": "^0.29.1"
            },
            "engines": {
                "vscode": "^1.36.0"
            }
        },
        "node_modules/@jitl/quickjs-ffi-types": {
            "version": "0.29.1",
            "resolved": "https://registry.npmjs.org/@jitl/quickjs-ffi-types/-/quickjs-ffi-types-0.29.1.tgz",
            "integrity": "sha512-dVt//PvFmwNJIwfyfPx7vR6cg7mLnAq6/THbhIeZ3NqXb66qXQATnW2gNqAnOcTh1D/f6HyrHFwRf3GdKUN3nw=="
        },
        "node_modules/@jitl/quickjs-wasmfile-debug-asyncify": {
            "version": "0.29.1",
            "resolved": "https://registry.npmjs.org/@jitl/quickjs-wasmfile-debug-asyncify/-/quickjs-wasmfile-debug-asyncify-0.29.1.tgz",
            "integrity": "sha512-jhxRDq+9ZWT8ddRt6JLcjLLF168EvFrOceiaoy+GuYYXJkWVrWk5p2Ray2GHzh+DL7byszRKEUAKqA9B86Rd9g==",
            "dependencies": {
                "@jitl/quickjs-ffi-types": "0.29.1"
            }
        },
        "node_modules/@jitl/quickjs-wasmfile-debug-sync": {
            "version": "0.29.1",
            "resolved": "https://registry.npmjs.org/@jitl/quickjs-wasmfile-debug-sync/-/quickjs-wasmfile-debug-sync-0.29.1.tgz",
            "integrity": "sha512-qn6cxqg2fvobiJtQ/xHVSZH55djraIQ7g+9XGyJjf+ofsn1taMG8T5TIR2iZL7TMSdCRZkGiJeNOp9UaFCTN2w==",
            "dependencies": {
                "@jitl/quickjs-ffi-types": "0.29.1"
            }
        },
        "node_modules/@jitl/quickjs-wasmfile-release-asyncify": {
            "version": "0.29.1",
            "resolved": "https://registry.npmjs.org/@jitl/quickjs-wasmfile-release-asyncify/-/quickjs-wasmfile-release-asyncify-0.29.1.tgz",
            "integrity": "sha512-1PD+TEw5raGk5s7G1N89gaT81J5A1N6PT79ixbm70gaU0xdUJyAUJoiLiS3YwLjcbpiiM0f7Vnf85M3Li914aQ==",
            "dependencies": {
                "@jitl/quickjs-ffi-types": "0.29.1"
            }
        },
        "node_modules/@jitl/quickjs-wasmfile-release-sync": {
            "version": "0.29.1",
            "resolved": "https://registry.npmjs.org/@jitl/quickjs-wasmfile-release-sync/-/quickjs-wasmfile-release-sync-0.29.1.tgz",
            "integrity": "sha512-iVeMmZXIDg3gD0elfj5FscwrqGLmcglvpvWDIzs5tmzJ4AKiDAHXunGwd8X4gifeW6S+f0j681M8+tZuUIqnJA==",
            "dependencies": {
                "@jitl/quickjs-ffi-types": "0.29.1"
            }
        },
        "node_modules/quickjs-emscripten": {
            "version": "0.29.1",
            "resolved": "https://registry.npmjs.org/quickjs-emscripten/-/quickjs-emscripten-0.29.1.tgz",
            "integrity": "sha512-9WX9cbbPW2/Wg/vedfAV6lL1kJB68xvE7kuILM24dkcIB/NCrIscZ94OdTGi9/77jYEJuajkzoQnHVn2BLzdaQ==",
            "dependencies": {
                "@jitl/quickjs-wasmfile-debug-asyncify": "0.29.1",
                "@jitl/quickjs-wasmfile-debug-sync": "0.29.1",
                "@jitl/quickjs-wasmfile-release-asyncify": "0.29.1",
                "@jitl/quickjs-wasmfile-release-sync": "0.29.1",
                "quickjs-emscripten-core": "0.29.1"
            },
            "engines": {
                "node": ">=16.0.0"
            }
        },
        "node_modules/quickjs-emscripten-core": {
            "version": "0.29.1",
            "resolved": "https://registry.npmjs.org/quickjs-emscripten-core/-/quickjs-emscripten-core-0.29.1.tgz",
            "integrity": "sha512-urFIWrPgKfzLFe/IwE8px3Oznb7UGsXpMjHLe15PTPbWongXmy6KAyxRpYFW8K/dDELilg0H/voysHbWHKj6uA==",
            "dependencies": {
                "@jitl/quickjs-ffi-types": "0.29.1"
            }
        }
    },
    "dependencies": {
        "@jitl/quickjs-ffi-types": {
            "version": "0.29.1",
            "resolved": "https://registry.npmjs.org/@jitl/quickjs-ffi-types/-/quickjs-ffi-types-0.29.1.tgz",
            "integrity": "sha512-dVt//PvFmwNJIwfyfPx7vR6cg7mLnAq6/THbhIeZ3NqXb66qXQATnW2gNqAnOcTh1D/f6HyrHFwRf3GdKUN3nw=="
        },
        "@jitl/quickjs-wasmfile-debug-asyncify": {
            "version": "0.29.1",
            "resolved": "https://registry.npmjs.org/@jitl/quickjs-wasmfile-debug-asyncify/-/quickjs-wasmfile-debug-asyncify-0.29.1.tgz",
            "integrity": "sha512-jhxRDq+9ZWT8ddRt6JLcjLLF168EvFrOceiaoy+GuYYXJkWVrWk5p2Ray2GHzh+DL7byszRKEUAKqA9B86Rd9g==",
            "requires": {
                "@jitl/quickjs-ffi-types": "0.29.1"
            }
        },
        "@jitl/quickjs-wasmfile-debug-sync": {
            "version": "0.29.1",
            "resolved": "https://registry.npmjs.org/@jitl/quickjs-wasmfile-debug-sync/-/quickjs-wasmfile-debug-sync-0.29.1.tgz",
            "integrity": "sha512-qn6cxqg2fvobiJtQ/xHVSZH55djraIQ7g+9XGyJjf+ofsn1taMG8T5TIR2iZL7TMSdCRZkGiJeNOp9UaFCTN2w==",
            "requires": {
                "@jitl/quickjs-ffi-types": "0.29.1"
            }
        },
        "@jitl/quickjs-wasmfile-release-asyncify": {
            "version": "0.29.1",
            "resolved": "https://registry.npmjs.org/@jitl/quickjs-wasmfile-release-asyncify/-/quickjs-wasmfile-release-asyncify-0.29.1.tgz",
            "integrity": "sha512-1PD+TEw5raGk5s7G1N89gaT81J5A1N6PT79ixbm70gaU0xdUJyAUJoiLiS3YwLjcbpiiM0f7Vnf85M3Li914aQ==",
            "requires": {
                "@jitl/quickjs-ffi-types": "0.29.1"
            }
        },
        "@jitl/quickjs-wasmfile-release-sync": {
            "version": "0.29.1",
            "resolved": "https://registry.npmjs.org/@jitl/quickjs-wasmfile-release-sync/-/quickjs-wasmfile-release-sync-0.29.1.tgz",
            "integrity": "sha512-iVeMmZXIDg3gD0elfj5FscwrqGLmcglvpvWDIzs5tmzJ4AKiDAHXunGwd8X4gifeW6S+f0j681M8+tZuUIqnJA==",
            "requires": {
                "@jitl/quickjs-ffi-types": "0.29.1"
            }
        },
        "quickjs-emscripten": {
            "version": "0.29.1",
            "resolved": "https://registry.npmjs.org/quickjs-emscripten/-/quickjs-emscripten-0.29.1.tgz",
            "integrity": "sha512-9WX9cbbPW2/Wg/vedfAV6lL1kJB68xvE7kuILM24dkcIB/NCrIscZ94OdTGi9/77jYEJuajkzoQnHVn2BLzdaQ==",
            "requires": {
                "@jitl/quickjs-wasmfile-debug-asyncify": "0.29.1",
                "@jitl/quickjs-wasmfile-debug-sync": "0.29.1",
                "@jitl/quickjs-wasmfile-release-asyncify": "0.29.1",
                "@jitl/quickjs-wasmfile-release-sync": "0.29.1",
                "quickjs-emscripten-core": "0.29.1"
            }
        },
        "quickjs-emscripten-core": {
            "version": "0.29.1",
            "resolved": "https://registry.npmjs.org/quickjs-emscripten-core/-/quickjs-emscripten-core-0.29.1.tgz",
            "integrity": "sha512-urFIWrPgKfzLFe/IwE8px3Oznb7UGsXpMjHLe15PTPbWongXmy6KAyxRpYFW8K/dDELilg0H/voysHbWHKj6uA==",
            "requires": {
                "@jitl/quickjs-ffi-types": "0.29.1"
            }
        }
    }
}
